// !$*UTF8*$!
{
	archiveVersion = 1;
	classes = {
	};
	objectVersion = 46;
	objects = {

/* Begin PBXBuildFile section */
		AA5ABEDF18CF615F002FC008 /* WeightChart.m in Sources */ = {isa = PBXBuildFile; fileRef = AA5ABEDE18CF615F002FC008 /* WeightChart.m */; };
		AAAEB6E318CB683300EB38D3 /* Foundation.framework in Frameworks */ = {isa = PBXBuildFile; fileRef = AAAEB6E218CB683300EB38D3 /* Foundation.framework */; };
		AAAEB6E518CB683300EB38D3 /* CoreGraphics.framework in Frameworks */ = {isa = PBXBuildFile; fileRef = AAAEB6E418CB683300EB38D3 /* CoreGraphics.framework */; };
		AAAEB6E718CB683300EB38D3 /* UIKit.framework in Frameworks */ = {isa = PBXBuildFile; fileRef = AAAEB6E618CB683300EB38D3 /* UIKit.framework */; };
		AAAEB6ED18CB683300EB38D3 /* InfoPlist.strings in Resources */ = {isa = PBXBuildFile; fileRef = AAAEB6EB18CB683300EB38D3 /* InfoPlist.strings */; };
		AAAEB6EF18CB683300EB38D3 /* main.m in Sources */ = {isa = PBXBuildFile; fileRef = AAAEB6EE18CB683300EB38D3 /* main.m */; };
		AAAEB6F318CB683300EB38D3 /* FitGuiderAppDelegate.m in Sources */ = {isa = PBXBuildFile; fileRef = AAAEB6F218CB683300EB38D3 /* FitGuiderAppDelegate.m */; };
		AAAEB6F618CB683300EB38D3 /* Main_iPhone.storyboard in Resources */ = {isa = PBXBuildFile; fileRef = AAAEB6F418CB683300EB38D3 /* Main_iPhone.storyboard */; };
		AAAEB6F918CB683300EB38D3 /* Main_iPad.storyboard in Resources */ = {isa = PBXBuildFile; fileRef = AAAEB6F718CB683300EB38D3 /* Main_iPad.storyboard */; };
		AAAEB6FC18CB683300EB38D3 /* FitGuiderViewController.m in Sources */ = {isa = PBXBuildFile; fileRef = AAAEB6FB18CB683300EB38D3 /* FitGuiderViewController.m */; };
		AAAEB6FE18CB683300EB38D3 /* Images.xcassets in Resources */ = {isa = PBXBuildFile; fileRef = AAAEB6FD18CB683300EB38D3 /* Images.xcassets */; };
		AAAEB70518CB683300EB38D3 /* XCTest.framework in Frameworks */ = {isa = PBXBuildFile; fileRef = AAAEB70418CB683300EB38D3 /* XCTest.framework */; };
		AAAEB70618CB683300EB38D3 /* Foundation.framework in Frameworks */ = {isa = PBXBuildFile; fileRef = AAAEB6E218CB683300EB38D3 /* Foundation.framework */; };
		AAAEB70718CB683300EB38D3 /* UIKit.framework in Frameworks */ = {isa = PBXBuildFile; fileRef = AAAEB6E618CB683300EB38D3 /* UIKit.framework */; };
		AAAEB70F18CB683300EB38D3 /* InfoPlist.strings in Resources */ = {isa = PBXBuildFile; fileRef = AAAEB70D18CB683300EB38D3 /* InfoPlist.strings */; };
		AAAEB71118CB683300EB38D3 /* FitGuiderTests.m in Sources */ = {isa = PBXBuildFile; fileRef = AAAEB71018CB683300EB38D3 /* FitGuiderTests.m */; };
		CD1B072318CE65F800A9AE2A /* sample.gif in Resources */ = {isa = PBXBuildFile; fileRef = CD1B072118CE65F800A9AE2A /* sample.gif */; };
		CD1B072418CE65F800A9AE2A /* SampleData.plist in Resources */ = {isa = PBXBuildFile; fileRef = CD1B072218CE65F800A9AE2A /* SampleData.plist */; };
		CD1B072818CE66A200A9AE2A /* DetailViewController.m in Sources */ = {isa = PBXBuildFile; fileRef = CD1B072618CE66A200A9AE2A /* DetailViewController.m */; };
		CD1B072918CE66A200A9AE2A /* DetailViewController.xib in Resources */ = {isa = PBXBuildFile; fileRef = CD1B072718CE66A200A9AE2A /* DetailViewController.xib */; };
		CD1B072D18CE66AA00A9AE2A /* SampleCell.m in Sources */ = {isa = PBXBuildFile; fileRef = CD1B072B18CE66AA00A9AE2A /* SampleCell.m */; };
		CD1B072E18CE66AA00A9AE2A /* SampleCell.xib in Resources */ = {isa = PBXBuildFile; fileRef = CD1B072C18CE66AA00A9AE2A /* SampleCell.xib */; };
		CD1B073418CE66C700A9AE2A /* Bunny.png in Resources */ = {isa = PBXBuildFile; fileRef = CD1B073018CE66C700A9AE2A /* Bunny.png */; };
		CD1B073518CE66C700A9AE2A /* images-1.jpeg in Resources */ = {isa = PBXBuildFile; fileRef = CD1B073118CE66C700A9AE2A /* images-1.jpeg */; };
		CD1B073618CE66C700A9AE2A /* images-2.jpeg in Resources */ = {isa = PBXBuildFile; fileRef = CD1B073218CE66C700A9AE2A /* images-2.jpeg */; };
		CD1B073718CE66C700A9AE2A /* images-3.jpeg in Resources */ = {isa = PBXBuildFile; fileRef = CD1B073318CE66C700A9AE2A /* images-3.jpeg */; };
/* End PBXBuildFile section */

/* Begin PBXContainerItemProxy section */
		AAAEB70818CB683300EB38D3 /* PBXContainerItemProxy */ = {
			isa = PBXContainerItemProxy;
			containerPortal = AAAEB6D718CB683300EB38D3 /* Project object */;
			proxyType = 1;
			remoteGlobalIDString = AAAEB6DE18CB683300EB38D3;
			remoteInfo = FitGuider;
		};
/* End PBXContainerItemProxy section */

/* Begin PBXFileReference section */
		AA5ABEDD18CF615F002FC008 /* WeightChart.h */ = {isa = PBXFileReference; fileEncoding = 4; lastKnownFileType = sourcecode.c.h; path = WeightChart.h; sourceTree = "<group>"; };
		AA5ABEDE18CF615F002FC008 /* WeightChart.m */ = {isa = PBXFileReference; fileEncoding = 4; lastKnownFileType = sourcecode.c.objc; path = WeightChart.m; sourceTree = "<group>"; };
		AAAEB6DF18CB683300EB38D3 /* FitGuider.app */ = {isa = PBXFileReference; explicitFileType = wrapper.application; includeInIndex = 0; path = FitGuider.app; sourceTree = BUILT_PRODUCTS_DIR; };
		AAAEB6E218CB683300EB38D3 /* Foundation.framework */ = {isa = PBXFileReference; lastKnownFileType = wrapper.framework; name = Foundation.framework; path = System/Library/Frameworks/Foundation.framework; sourceTree = SDKROOT; };
		AAAEB6E418CB683300EB38D3 /* CoreGraphics.framework */ = {isa = PBXFileReference; lastKnownFileType = wrapper.framework; name = CoreGraphics.framework; path = System/Library/Frameworks/CoreGraphics.framework; sourceTree = SDKROOT; };
		AAAEB6E618CB683300EB38D3 /* UIKit.framework */ = {isa = PBXFileReference; lastKnownFileType = wrapper.framework; name = UIKit.framework; path = System/Library/Frameworks/UIKit.framework; sourceTree = SDKROOT; };
		AAAEB6EA18CB683300EB38D3 /* FitGuider-Info.plist */ = {isa = PBXFileReference; lastKnownFileType = text.plist.xml; path = "FitGuider-Info.plist"; sourceTree = "<group>"; };
		AAAEB6EC18CB683300EB38D3 /* en */ = {isa = PBXFileReference; lastKnownFileType = text.plist.strings; name = en; path = en.lproj/InfoPlist.strings; sourceTree = "<group>"; };
		AAAEB6EE18CB683300EB38D3 /* main.m */ = {isa = PBXFileReference; lastKnownFileType = sourcecode.c.objc; path = main.m; sourceTree = "<group>"; };
		AAAEB6F018CB683300EB38D3 /* FitGuider-Prefix.pch */ = {isa = PBXFileReference; lastKnownFileType = sourcecode.c.h; path = "FitGuider-Prefix.pch"; sourceTree = "<group>"; };
		AAAEB6F118CB683300EB38D3 /* FitGuiderAppDelegate.h */ = {isa = PBXFileReference; lastKnownFileType = sourcecode.c.h; path = FitGuiderAppDelegate.h; sourceTree = "<group>"; };
		AAAEB6F218CB683300EB38D3 /* FitGuiderAppDelegate.m */ = {isa = PBXFileReference; lastKnownFileType = sourcecode.c.objc; path = FitGuiderAppDelegate.m; sourceTree = "<group>"; };
		AAAEB6F518CB683300EB38D3 /* Base */ = {isa = PBXFileReference; lastKnownFileType = file.storyboard; name = Base; path = Base.lproj/Main_iPhone.storyboard; sourceTree = "<group>"; };
		AAAEB6F818CB683300EB38D3 /* Base */ = {isa = PBXFileReference; lastKnownFileType = file.storyboard; name = Base; path = Base.lproj/Main_iPad.storyboard; sourceTree = "<group>"; };
		AAAEB6FA18CB683300EB38D3 /* FitGuiderViewController.h */ = {isa = PBXFileReference; lastKnownFileType = sourcecode.c.h; path = FitGuiderViewController.h; sourceTree = "<group>"; };
		AAAEB6FB18CB683300EB38D3 /* FitGuiderViewController.m */ = {isa = PBXFileReference; lastKnownFileType = sourcecode.c.objc; path = FitGuiderViewController.m; sourceTree = "<group>"; };
		AAAEB6FD18CB683300EB38D3 /* Images.xcassets */ = {isa = PBXFileReference; lastKnownFileType = folder.assetcatalog; path = Images.xcassets; sourceTree = "<group>"; };
		AAAEB70318CB683300EB38D3 /* FitGuiderTests.xctest */ = {isa = PBXFileReference; explicitFileType = wrapper.cfbundle; includeInIndex = 0; path = FitGuiderTests.xctest; sourceTree = BUILT_PRODUCTS_DIR; };
		AAAEB70418CB683300EB38D3 /* XCTest.framework */ = {isa = PBXFileReference; lastKnownFileType = wrapper.framework; name = XCTest.framework; path = Library/Frameworks/XCTest.framework; sourceTree = DEVELOPER_DIR; };
		AAAEB70C18CB683300EB38D3 /* FitGuiderTests-Info.plist */ = {isa = PBXFileReference; lastKnownFileType = text.plist.xml; path = "FitGuiderTests-Info.plist"; sourceTree = "<group>"; };
		AAAEB70E18CB683300EB38D3 /* en */ = {isa = PBXFileReference; lastKnownFileType = text.plist.strings; name = en; path = en.lproj/InfoPlist.strings; sourceTree = "<group>"; };
		AAAEB71018CB683300EB38D3 /* FitGuiderTests.m */ = {isa = PBXFileReference; lastKnownFileType = sourcecode.c.objc; path = FitGuiderTests.m; sourceTree = "<group>"; };
		CD1B072118CE65F800A9AE2A /* sample.gif */ = {isa = PBXFileReference; lastKnownFileType = image.gif; path = sample.gif; sourceTree = "<group>"; };
		CD1B072218CE65F800A9AE2A /* SampleData.plist */ = {isa = PBXFileReference; fileEncoding = 4; lastKnownFileType = text.plist.xml; path = SampleData.plist; sourceTree = "<group>"; };
		CD1B072518CE66A200A9AE2A /* DetailViewController.h */ = {isa = PBXFileReference; fileEncoding = 4; lastKnownFileType = sourcecode.c.h; path = DetailViewController.h; sourceTree = "<group>"; };
		CD1B072618CE66A200A9AE2A /* DetailViewController.m */ = {isa = PBXFileReference; fileEncoding = 4; lastKnownFileType = sourcecode.c.objc; path = DetailViewController.m; sourceTree = "<group>"; };
		CD1B072718CE66A200A9AE2A /* DetailViewController.xib */ = {isa = PBXFileReference; fileEncoding = 4; lastKnownFileType = file.xib; path = DetailViewController.xib; sourceTree = "<group>"; };
		CD1B072A18CE66AA00A9AE2A /* SampleCell.h */ = {isa = PBXFileReference; fileEncoding = 4; lastKnownFileType = sourcecode.c.h; path = SampleCell.h; sourceTree = "<group>"; };
		CD1B072B18CE66AA00A9AE2A /* SampleCell.m */ = {isa = PBXFileReference; fileEncoding = 4; lastKnownFileType = sourcecode.c.objc; path = SampleCell.m; sourceTree = "<group>"; };
		CD1B072C18CE66AA00A9AE2A /* SampleCell.xib */ = {isa = PBXFileReference; fileEncoding = 4; lastKnownFileType = file.xib; path = SampleCell.xib; sourceTree = "<group>"; };
		CD1B073018CE66C700A9AE2A /* Bunny.png */ = {isa = PBXFileReference; lastKnownFileType = image.png; path = Bunny.png; sourceTree = "<group>"; };
		CD1B073118CE66C700A9AE2A /* images-1.jpeg */ = {isa = PBXFileReference; lastKnownFileType = image.jpeg; path = "images-1.jpeg"; sourceTree = "<group>"; };
		CD1B073218CE66C700A9AE2A /* images-2.jpeg */ = {isa = PBXFileReference; lastKnownFileType = image.jpeg; path = "images-2.jpeg"; sourceTree = "<group>"; };
		CD1B073318CE66C700A9AE2A /* images-3.jpeg */ = {isa = PBXFileReference; lastKnownFileType = image.jpeg; path = "images-3.jpeg"; sourceTree = "<group>"; };
/* End PBXFileReference section */

/* Begin PBXFrameworksBuildPhase section */
		AAAEB6DC18CB683300EB38D3 /* Frameworks */ = {
			isa = PBXFrameworksBuildPhase;
			buildActionMask = 2147483647;
			files = (
				AAAEB6E518CB683300EB38D3 /* CoreGraphics.framework in Frameworks */,
				AAAEB6E718CB683300EB38D3 /* UIKit.framework in Frameworks */,
				AAAEB6E318CB683300EB38D3 /* Foundation.framework in Frameworks */,
			);
			runOnlyForDeploymentPostprocessing = 0;
		};
		AAAEB70018CB683300EB38D3 /* Frameworks */ = {
			isa = PBXFrameworksBuildPhase;
			buildActionMask = 2147483647;
			files = (
				AAAEB70518CB683300EB38D3 /* XCTest.framework in Frameworks */,
				AAAEB70718CB683300EB38D3 /* UIKit.framework in Frameworks */,
				AAAEB70618CB683300EB38D3 /* Foundation.framework in Frameworks */,
			);
			runOnlyForDeploymentPostprocessing = 0;
		};
/* End PBXFrameworksBuildPhase section */

/* Begin PBXGroup section */
		AAAEB6D618CB683300EB38D3 = {
			isa = PBXGroup;
			children = (
				CD1B072F18CE66B000A9AE2A /* Sample Images */,
				CD1B072118CE65F800A9AE2A /* sample.gif */,
				CD1B072218CE65F800A9AE2A /* SampleData.plist */,
				AAAEB6E818CB683300EB38D3 /* FitGuider */,
				AAAEB70A18CB683300EB38D3 /* FitGuiderTests */,
				AAAEB6E118CB683300EB38D3 /* Frameworks */,
				AAAEB6E018CB683300EB38D3 /* Products */,
			);
			sourceTree = "<group>";
		};
		AAAEB6E018CB683300EB38D3 /* Products */ = {
			isa = PBXGroup;
			children = (
				AAAEB6DF18CB683300EB38D3 /* FitGuider.app */,
				AAAEB70318CB683300EB38D3 /* FitGuiderTests.xctest */,
			);
			name = Products;
			sourceTree = "<group>";
		};
		AAAEB6E118CB683300EB38D3 /* Frameworks */ = {
			isa = PBXGroup;
			children = (
				AAAEB6E218CB683300EB38D3 /* Foundation.framework */,
				AAAEB6E418CB683300EB38D3 /* CoreGraphics.framework */,
				AAAEB6E618CB683300EB38D3 /* UIKit.framework */,
				AAAEB70418CB683300EB38D3 /* XCTest.framework */,
			);
			name = Frameworks;
			sourceTree = "<group>";
		};
		AAAEB6E818CB683300EB38D3 /* FitGuider */ = {
			isa = PBXGroup;
			children = (
				CD1B073818CE66E400A9AE2A /* MainView */,
				AAAEB6FD18CB683300EB38D3 /* Images.xcassets */,
				AAAEB6E918CB683300EB38D3 /* Supporting Files */,
			);
			path = FitGuider;
			sourceTree = "<group>";
		};
		AAAEB6E918CB683300EB38D3 /* Supporting Files */ = {
			isa = PBXGroup;
			children = (
				AAAEB6EA18CB683300EB38D3 /* FitGuider-Info.plist */,
				AAAEB6EB18CB683300EB38D3 /* InfoPlist.strings */,
				AAAEB6EE18CB683300EB38D3 /* main.m */,
				AAAEB6F018CB683300EB38D3 /* FitGuider-Prefix.pch */,
			);
			name = "Supporting Files";
			sourceTree = "<group>";
		};
		AAAEB70A18CB683300EB38D3 /* FitGuiderTests */ = {
			isa = PBXGroup;
			children = (
				AAAEB71018CB683300EB38D3 /* FitGuiderTests.m */,
				AAAEB70B18CB683300EB38D3 /* Supporting Files */,
			);
			path = FitGuiderTests;
			sourceTree = "<group>";
		};
		AAAEB70B18CB683300EB38D3 /* Supporting Files */ = {
			isa = PBXGroup;
			children = (
				AAAEB70C18CB683300EB38D3 /* FitGuiderTests-Info.plist */,
				AAAEB70D18CB683300EB38D3 /* InfoPlist.strings */,
			);
			name = "Supporting Files";
			sourceTree = "<group>";
		};
		CD1B072F18CE66B000A9AE2A /* Sample Images */ = {
			isa = PBXGroup;
			children = (
				CD1B073018CE66C700A9AE2A /* Bunny.png */,
				CD1B073118CE66C700A9AE2A /* images-1.jpeg */,
				CD1B073218CE66C700A9AE2A /* images-2.jpeg */,
				CD1B073318CE66C700A9AE2A /* images-3.jpeg */,
			);
			name = "Sample Images";
			sourceTree = "<group>";
		};
		CD1B073818CE66E400A9AE2A /* MainView */ = {
			isa = PBXGroup;
			children = (
				AAAEB6F118CB683300EB38D3 /* FitGuiderAppDelegate.h */,
				AAAEB6F218CB683300EB38D3 /* FitGuiderAppDelegate.m */,
				CD1B072A18CE66AA00A9AE2A /* SampleCell.h */,
				CD1B072B18CE66AA00A9AE2A /* SampleCell.m */,
				CD1B072C18CE66AA00A9AE2A /* SampleCell.xib */,
				CD1B072518CE66A200A9AE2A /* DetailViewController.h */,
				CD1B072618CE66A200A9AE2A /* DetailViewController.m */,
				CD1B072718CE66A200A9AE2A /* DetailViewController.xib */,
				AAAEB6F418CB683300EB38D3 /* Main_iPhone.storyboard */,
				AAAEB6F718CB683300EB38D3 /* Main_iPad.storyboard */,
				AAAEB6FA18CB683300EB38D3 /* FitGuiderViewController.h */,
				AAAEB6FB18CB683300EB38D3 /* FitGuiderViewController.m */,
				AA5ABEDD18CF615F002FC008 /* WeightChart.h */,
				AA5ABEDE18CF615F002FC008 /* WeightChart.m */,
			);
			name = MainView;
			sourceTree = "<group>";
		};
/* End PBXGroup section */

/* Begin PBXNativeTarget section */
		AAAEB6DE18CB683300EB38D3 /* FitGuider */ = {
			isa = PBXNativeTarget;
			buildConfigurationList = AAAEB71418CB683300EB38D3 /* Build configuration list for PBXNativeTarget "FitGuider" */;
			buildPhases = (
				AAAEB6DB18CB683300EB38D3 /* Sources */,
				AAAEB6DC18CB683300EB38D3 /* Frameworks */,
				AAAEB6DD18CB683300EB38D3 /* Resources */,
			);
			buildRules = (
			);
			dependencies = (
			);
			name = FitGuider;
			productName = FitGuider;
			productReference = AAAEB6DF18CB683300EB38D3 /* FitGuider.app */;
			productType = "com.apple.product-type.application";
		};
		AAAEB70218CB683300EB38D3 /* FitGuiderTests */ = {
			isa = PBXNativeTarget;
			buildConfigurationList = AAAEB71718CB683300EB38D3 /* Build configuration list for PBXNativeTarget "FitGuiderTests" */;
			buildPhases = (
				AAAEB6FF18CB683300EB38D3 /* Sources */,
				AAAEB70018CB683300EB38D3 /* Frameworks */,
				AAAEB70118CB683300EB38D3 /* Resources */,
			);
			buildRules = (
			);
			dependencies = (
				AAAEB70918CB683300EB38D3 /* PBXTargetDependency */,
			);
			name = FitGuiderTests;
			productName = FitGuiderTests;
			productReference = AAAEB70318CB683300EB38D3 /* FitGuiderTests.xctest */;
			productType = "com.apple.product-type.bundle.unit-test";
		};
/* End PBXNativeTarget section */

/* Begin PBXProject section */
		AAAEB6D718CB683300EB38D3 /* Project object */ = {
			isa = PBXProject;
			attributes = {
				CLASSPREFIX = FitGuider;
				LastUpgradeCheck = 0500;
				ORGANIZATIONNAME = COMP41550;
				TargetAttributes = {
					AAAEB70218CB683300EB38D3 = {
						TestTargetID = AAAEB6DE18CB683300EB38D3;
					};
				};
			};
			buildConfigurationList = AAAEB6DA18CB683300EB38D3 /* Build configuration list for PBXProject "FitGuider" */;
			compatibilityVersion = "Xcode 3.2";
			developmentRegion = English;
			hasScannedForEncodings = 0;
			knownRegions = (
				en,
				Base,
			);
			mainGroup = AAAEB6D618CB683300EB38D3;
			productRefGroup = AAAEB6E018CB683300EB38D3 /* Products */;
			projectDirPath = "";
			projectRoot = "";
			targets = (
				AAAEB6DE18CB683300EB38D3 /* FitGuider */,
				AAAEB70218CB683300EB38D3 /* FitGuiderTests */,
			);
		};
/* End PBXProject section */

/* Begin PBXResourcesBuildPhase section */
		AAAEB6DD18CB683300EB38D3 /* Resources */ = {
			isa = PBXResourcesBuildPhase;
			buildActionMask = 2147483647;
			files = (
				CD1B073418CE66C700A9AE2A /* Bunny.png in Resources */,
				CD1B072418CE65F800A9AE2A /* SampleData.plist in Resources */,
				CD1B072E18CE66AA00A9AE2A /* SampleCell.xib in Resources */,
				AAAEB6F918CB683300EB38D3 /* Main_iPad.storyboard in Resources */,
				CD1B072918CE66A200A9AE2A /* DetailViewController.xib in Resources */,
				AAAEB6FE18CB683300EB38D3 /* Images.xcassets in Resources */,
				AAAEB6F618CB683300EB38D3 /* Main_iPhone.storyboard in Resources */,
				CD1B073718CE66C700A9AE2A /* images-3.jpeg in Resources */,
				AAAEB6ED18CB683300EB38D3 /* InfoPlist.strings in Resources */,
				CD1B073618CE66C700A9AE2A /* images-2.jpeg in Resources */,
				CD1B072318CE65F800A9AE2A /* sample.gif in Resources */,
				CD1B073518CE66C700A9AE2A /* images-1.jpeg in Resources */,
			);
			runOnlyForDeploymentPostprocessing = 0;
		};
		AAAEB70118CB683300EB38D3 /* Resources */ = {
			isa = PBXResourcesBuildPhase;
			buildActionMask = 2147483647;
			files = (
				AAAEB70F18CB683300EB38D3 /* InfoPlist.strings in Resources */,
			);
			runOnlyForDeploymentPostprocessing = 0;
		};
/* End PBXResourcesBuildPhase section */

/* Begin PBXSourcesBuildPhase section */
		AAAEB6DB18CB683300EB38D3 /* Sources */ = {
			isa = PBXSourcesBuildPhase;
			buildActionMask = 2147483647;
			files = (
				CD1B072D18CE66AA00A9AE2A /* SampleCell.m in Sources */,
				AAAEB6FC18CB683300EB38D3 /* FitGuiderViewController.m in Sources */,
				AA5ABEDF18CF615F002FC008 /* WeightChart.m in Sources */,
				AAAEB6F318CB683300EB38D3 /* FitGuiderAppDelegate.m in Sources */,
				AAAEB6EF18CB683300EB38D3 /* main.m in Sources */,
				CD1B072818CE66A200A9AE2A /* DetailViewController.m in Sources */,
			);
			runOnlyForDeploymentPostprocessing = 0;
		};
		AAAEB6FF18CB683300EB38D3 /* Sources */ = {
			isa = PBXSourcesBuildPhase;
			buildActionMask = 2147483647;
			files = (
				AAAEB71118CB683300EB38D3 /* FitGuiderTests.m in Sources */,
			);
			runOnlyForDeploymentPostprocessing = 0;
		};
/* End PBXSourcesBuildPhase section */

/* Begin PBXTargetDependency section */
		AAAEB70918CB683300EB38D3 /* PBXTargetDependency */ = {
			isa = PBXTargetDependency;
			target = AAAEB6DE18CB683300EB38D3 /* FitGuider */;
			targetProxy = AAAEB70818CB683300EB38D3 /* PBXContainerItemProxy */;
		};
/* End PBXTargetDependency section */

/* Begin PBXVariantGroup section */
		AAAEB6EB18CB683300EB38D3 /* InfoPlist.strings */ = {
			isa = PBXVariantGroup;
			children = (
				AAAEB6EC18CB683300EB38D3 /* en */,
			);
			name = InfoPlist.strings;
			sourceTree = "<group>";
		};
		AAAEB6F418CB683300EB38D3 /* Main_iPhone.storyboard */ = {
			isa = PBXVariantGroup;
			children = (
				AAAEB6F518CB683300EB38D3 /* Base */,
			);
			name = Main_iPhone.storyboard;
			sourceTree = "<group>";
		};
		AAAEB6F718CB683300EB38D3 /* Main_iPad.storyboard */ = {
			isa = PBXVariantGroup;
			children = (
				AAAEB6F818CB683300EB38D3 /* Base */,
			);
			name = Main_iPad.storyboard;
			sourceTree = "<group>";
		};
		AAAEB70D18CB683300EB38D3 /* InfoPlist.strings */ = {
			isa = PBXVariantGroup;
			children = (
				AAAEB70E18CB683300EB38D3 /* en */,
			);
			name = InfoPlist.strings;
			sourceTree = "<group>";
		};
/* End PBXVariantGroup section */

/* Begin XCBuildConfiguration section */
		AAAEB71218CB683300EB38D3 /* Debug */ = {
			isa = XCBuildConfiguration;
			buildSettings = {
				ALWAYS_SEARCH_USER_PATHS = NO;
				ARCHS = "$(ARCHS_STANDARD_INCLUDING_64_BIT)";
				CLANG_CXX_LANGUAGE_STANDARD = "gnu++0x";
				CLANG_CXX_LIBRARY = "libc++";
				CLANG_ENABLE_MODULES = YES;
				CLANG_ENABLE_OBJC_ARC = YES;
				CLANG_WARN_BOOL_CONVERSION = YES;
				CLANG_WARN_CONSTANT_CONVERSION = YES;
				CLANG_WARN_DIRECT_OBJC_ISA_USAGE = YES_ERROR;
				CLANG_WARN_EMPTY_BODY = YES;
				CLANG_WARN_ENUM_CONVERSION = YES;
				CLANG_WARN_INT_CONVERSION = YES;
				CLANG_WARN_OBJC_ROOT_CLASS = YES_ERROR;
				CLANG_WARN__DUPLICATE_METHOD_MATCH = YES;
				"CODE_SIGN_IDENTITY[sdk=iphoneos*]" = "iPhone Developer";
				COPY_PHASE_STRIP = NO;
				GCC_C_LANGUAGE_STANDARD = gnu99;
				GCC_DYNAMIC_NO_PIC = NO;
				GCC_OPTIMIZATION_LEVEL = 0;
				GCC_PREPROCESSOR_DEFINITIONS = (
					"DEBUG=1",
					"$(inherited)",
				);
				GCC_SYMBOLS_PRIVATE_EXTERN = NO;
				GCC_WARN_64_TO_32_BIT_CONVERSION = YES;
				GCC_WARN_ABOUT_RETURN_TYPE = YES_ERROR;
				GCC_WARN_UNDECLARED_SELECTOR = YES;
				GCC_WARN_UNINITIALIZED_AUTOS = YES;
				GCC_WARN_UNUSED_FUNCTION = YES;
				GCC_WARN_UNUSED_VARIABLE = YES;
				IPHONEOS_DEPLOYMENT_TARGET = 7.0;
				ONLY_ACTIVE_ARCH = YES;
				SDKROOT = iphoneos;
				TARGETED_DEVICE_FAMILY = "1,2";
			};
			name = Debug;
		};
		AAAEB71318CB683300EB38D3 /* Release */ = {
			isa = XCBuildConfiguration;
			buildSettings = {
				ALWAYS_SEARCH_USER_PATHS = NO;
				ARCHS = "$(ARCHS_STANDARD_INCLUDING_64_BIT)";
				CLANG_CXX_LANGUAGE_STANDARD = "gnu++0x";
				CLANG_CXX_LIBRARY = "libc++";
				CLANG_ENABLE_MODULES = YES;
				CLANG_ENABLE_OBJC_ARC = YES;
				CLANG_WARN_BOOL_CONVERSION = YES;
				CLANG_WARN_CONSTANT_CONVERSION = YES;
				CLANG_WARN_DIRECT_OBJC_ISA_USAGE = YES_ERROR;
				CLANG_WARN_EMPTY_BODY = YES;
				CLANG_WARN_ENUM_CONVERSION = YES;
				CLANG_WARN_INT_CONVERSION = YES;
				CLANG_WARN_OBJC_ROOT_CLASS = YES_ERROR;
				CLANG_WARN__DUPLICATE_METHOD_MATCH = YES;
				"CODE_SIGN_IDENTITY[sdk=iphoneos*]" = "iPhone Developer";
				COPY_PHASE_STRIP = YES;
				ENABLE_NS_ASSERTIONS = NO;
				GCC_C_LANGUAGE_STANDARD = gnu99;
				GCC_WARN_64_TO_32_BIT_CONVERSION = YES;
				GCC_WARN_ABOUT_RETURN_TYPE = YES_ERROR;
				GCC_WARN_UNDECLARED_SELECTOR = YES;
				GCC_WARN_UNINITIALIZED_AUTOS = YES;
				GCC_WARN_UNUSED_FUNCTION = YES;
				GCC_WARN_UNUSED_VARIABLE = YES;
				IPHONEOS_DEPLOYMENT_TARGET = 7.0;
				SDKROOT = iphoneos;
				TARGETED_DEVICE_FAMILY = "1,2";
				VALIDATE_PRODUCT = YES;
			};
			name = Release;
		};
		AAAEB71518CB683300EB38D3 /* Debug */ = {
			isa = XCBuildConfiguration;
			buildSettings = {
				ASSETCATALOG_COMPILER_APPICON_NAME = AppIcon;
				ASSETCATALOG_COMPILER_LAUNCHIMAGE_NAME = LaunchImage;
				GCC_PRECOMPILE_PREFIX_HEADER = YES;
				GCC_PREFIX_HEADER = "FitGuider/FitGuider-Prefix.pch";
				INFOPLIST_FILE = "FitGuider/FitGuider-Info.plist";
				PRODUCT_NAME = "$(TARGET_NAME)";
				WRAPPER_EXTENSION = app;
			};
			name = Debug;
		};
		AAAEB71618CB683300EB38D3 /* Release */ = {
			isa = XCBuildConfiguration;
			buildSettings = {
				ASSETCATALOG_COMPILER_APPICON_NAME = AppIcon;
				ASSETCATALOG_COMPILER_LAUNCHIMAGE_NAME = LaunchImage;
				GCC_PRECOMPILE_PREFIX_HEADER = YES;
				GCC_PREFIX_HEADER = "FitGuider/FitGuider-Prefix.pch";
				INFOPLIST_FILE = "FitGuider/FitGuider-Info.plist";
				PRODUCT_NAME = "$(TARGET_NAME)";
				WRAPPER_EXTENSION = app;
			};
			name = Release;
		};
		AAAEB71818CB683300EB38D3 /* Debug */ = {
			isa = XCBuildConfiguration;
			buildSettings = {
				ARCHS = "$(ARCHS_STANDARD_INCLUDING_64_BIT)";
				BUNDLE_LOADER = "$(BUILT_PRODUCTS_DIR)/FitGuider.app/FitGuider";
				FRAMEWORK_SEARCH_PATHS = (
					"$(SDKROOT)/Developer/Library/Frameworks",
					"$(inherited)",
					"$(DEVELOPER_FRAMEWORKS_DIR)",
				);
				GCC_PRECOMPILE_PREFIX_HEADER = YES;
				GCC_PREFIX_HEADER = "FitGuider/FitGuider-Prefix.pch";
				GCC_PREPROCESSOR_DEFINITIONS = (
					"DEBUG=1",
					"$(inherited)",
				);
				INFOPLIST_FILE = "FitGuiderTests/FitGuiderTests-Info.plist";
				PRODUCT_NAME = "$(TARGET_NAME)";
				TEST_HOST = "$(BUNDLE_LOADER)";
				WRAPPER_EXTENSION = xctest;
			};
			name = Debug;
		};
		AAAEB71918CB683300EB38D3 /* Release */ = {
			isa = XCBuildConfiguration;
			buildSettings = {
				ARCHS = "$(ARCHS_STANDARD_INCLUDING_64_BIT)";
				BUNDLE_LOADER = "$(BUILT_PRODUCTS_DIR)/FitGuider.app/FitGuider";
				FRAMEWORK_SEARCH_PATHS = (
					"$(SDKROOT)/Developer/Library/Frameworks",
					"$(inherited)",
					"$(DEVELOPER_FRAMEWORKS_DIR)",
				);
				GCC_PRECOMPILE_PREFIX_HEADER = YES;
				GCC_PREFIX_HEADER = "FitGuider/FitGuider-Prefix.pch";
				INFOPLIST_FILE = "FitGuiderTests/FitGuiderTests-Info.plist";
				PRODUCT_NAME = "$(TARGET_NAME)";
				TEST_HOST = "$(BUNDLE_LOADER)";
				WRAPPER_EXTENSION = xctest;
			};
			name = Release;
		};
/* End XCBuildConfiguration section */

/* Begin XCConfigurationList section */
		AAAEB6DA18CB683300EB38D3 /* Build configuration list for PBXProject "FitGuider" */ = {
			isa = XCConfigurationList;
			buildConfigurations = (
				AAAEB71218CB683300EB38D3 /* Debug */,
				AAAEB71318CB683300EB38D3 /* Release */,
			);
			defaultConfigurationIsVisible = 0;
			defaultConfigurationName = Release;
		};
		AAAEB71418CB683300EB38D3 /* Build configuration list for PBXNativeTarget "FitGuider" */ = {
			isa = XCConfigurationList;
			buildConfigurations = (
				AAAEB71518CB683300EB38D3 /* Debug */,
				AAAEB71618CB683300EB38D3 /* Release */,
			);
			defaultConfigurationIsVisible = 0;
			defaultConfigurationName = Release;
		};
		AAAEB71718CB683300EB38D3 /* Build configuration list for PBXNativeTarget "FitGuiderTests" */ = {
			isa = XCConfigurationList;
			buildConfigurations = (
				AAAEB71818CB683300EB38D3 /* Debug */,
				AAAEB71918CB683300EB38D3 /* Release */,
			);
			defaultConfigurationIsVisible = 0;
			defaultConfigurationName = Release;
		};
/* End XCConfigurationList section */
	};
	rootObject = AAAEB6D718CB683300EB38D3 /* Project object */;
}
